{
    "version": "0.5",
    "requires": [
        "uriparser/0.9.8#b4e88f991ec1404e192422e94e26fce6%1715079356.369",
        "nlohmann_json/3.12.0#2d634ab0ec8d9f56353e5ccef6d6612c%1744735883.94",
        "gtest/1.18.0#e2507fc4efe2ec9e2db9e5c91eefab9f%1786446847.733",
        "gtest/1.17.0#5224b3b3ff3b4ce1133cbdd27d53ee7d%1755784855.585",
        "argon2/20190702#dbf0d35fd134b212d9c10dac155e2a84%1675621840.353"
    ],
    "build_requires": [
        "cmake/4.1.1#23ee27eac0192593228fe8ced4680627%1756413041.241"
    ],
    "python_requires": [],
    "config_requires": []
}
